
Microsoft Visual Studio Solution File, Format Version 12.00
Project("{FAE04EC0-301F-11D3-BF4B-00C04F79EFBC}") = "SupportApp", "SupportApp\SupportApp.csproj", "{B1E50182-317D-4209-8648-91D048DA9365}"
EndProject
Global
	GlobalSection(SolutionConfigurationPlatforms) = preSolution
		Debug|Any CPU = Debug|Any CPU
		Release|Any CPU = Release|Any CPU
	EndGlobalSection
	GlobalSection(ProjectConfigurationPlatforms) = postSolution
		{B1E50182-317D-4209-8648-91D048DA9365}.Debug|Any CPU.ActiveCfg = Debug|Any CPU
		{B1E50182-317D-4209-8648-91D048DA9365}.Debug|Any CPU.Build.0 = Debug|Any CPU
		{B1E50182-317D-4209-8648-91D048DA9365}.Release|Any CPU.ActiveCfg = Release|Any CPU
		{B1E50182-317D-4209-8648-91D048DA9365}.Release|Any CPU.Build.0 = Release|Any CPU
	EndGlobalSection
EndGlobal
